// !$*UTF8*$!
{
	archiveVersion = 1;
	classes = {
	};
	objectVersion = 77;
	objects = {

/* Begin PBXBuildFile section */
		1F1D9C992D0FD31F00570753 /* cspice-swift in Frameworks */ = {isa = PBXBuildFile; productRef = 1F1D9C982D0FD31F00570753 /* cspice-swift */; };
		1F1D9DA32D17CF0500570753 /* Algorithms in Frameworks */ = {isa = PBXBuildFile; productRef = 1F1D9DA22D17CF0500570753 /* Algorithms */; };
		1F4FDC422D0FCDFC009B7B05 /* novas-swift in Frameworks */ = {isa = PBXBuildFile; productRef = 1F4FDC412D0FCDFC009B7B05 /* novas-swift */; };
		1FCB0AB52D0F773E00C3F482 /* space-pack in Frameworks */ = {isa = PBXBuildFile; productRef = 1FCB0AB42D0F773E00C3F482 /* space-pack */; };
		1FF5B5D82CFBCF9C00B06698 /* SCNMathExtensions in Frameworks */ = {isa = PBXBuildFile; productRef = 1FF5B5D72CFBCF9C00B06698 /* SCNMathExtensions */; };
/* End PBXBuildFile section */

/* Begin PBXContainerItemProxy section */
		1FFFBCD02CE9807F00A00A51 /* PBXContainerItemProxy */ = {
			isa = PBXContainerItemProxy;
			containerPortal = 1FFFBCB42CE9807E00A00A51 /* Project object */;
			proxyType = 1;
			remoteGlobalIDString = 1FFFBCBB2CE9807E00A00A51;
			remoteInfo = AstroView2;
		};
		1FFFBCDA2CE9807F00A00A51 /* PBXContainerItemProxy */ = {
			isa = PBXContainerItemProxy;
			containerPortal = 1FFFBCB42CE9807E00A00A51 /* Project object */;
			proxyType = 1;
			remoteGlobalIDString = 1FFFBCBB2CE9807E00A00A51;
			remoteInfo = AstroView2;
		};
/* End PBXContainerItemProxy section */

/* Begin PBXFileReference section */
		1FFFBCBC2CE9807E00A00A51 /* AstroView2.app */ = {isa = PBXFileReference; explicitFileType = wrapper.application; includeInIndex = 0; path = AstroView2.app; sourceTree = BUILT_PRODUCTS_DIR; };
		1FFFBCCF2CE9807F00A00A51 /* AstroView2Tests.xctest */ = {isa = PBXFileReference; explicitFileType = wrapper.cfbundle; includeInIndex = 0; path = AstroView2Tests.xctest; sourceTree = BUILT_PRODUCTS_DIR; };
		1FFFBCD92CE9807F00A00A51 /* AstroView2UITests.xctest */ = {isa = PBXFileReference; explicitFileType = wrapper.cfbundle; includeInIndex = 0; path = AstroView2UITests.xctest; sourceTree = BUILT_PRODUCTS_DIR; };
/* End PBXFileReference section */

/* Begin PBXFileSystemSynchronizedBuildFileExceptionSet section */
		1FF5B4FE2CF606B700B06698 /* Exceptions for "Resources" folder in "AstroView2" target */ = {
			isa = PBXFileSystemSynchronizedBuildFileExceptionSet;
			membershipExceptions = (
				ephemeris,
				spice,
			);
			target = 1FFFBCBB2CE9807E00A00A51 /* AstroView2 */;
		};
/* End PBXFileSystemSynchronizedBuildFileExceptionSet section */

/* Begin PBXFileSystemSynchronizedRootGroup section */
		1F126AFB2CF29A7600F28B62 /* utility */ = {
			isa = PBXFileSystemSynchronizedRootGroup;
			path = utility;
			sourceTree = "<group>";
		};
		1F1D9CC62D11076400570753 /* Physics */ = {
			isa = PBXFileSystemSynchronizedRootGroup;
			path = Physics;
			sourceTree = "<group>";
		};
		1F1D9D742D16679D00570753 /* Geometry */ = {
			isa = PBXFileSystemSynchronizedRootGroup;
			path = Geometry;
			sourceTree = "<group>";
		};
		1FF5B4FB2CF606AD00B06698 /* Resources */ = {
			isa = PBXFileSystemSynchronizedRootGroup;
			exceptions = (
				1FF5B4FE2CF606B700B06698 /* Exceptions for "Resources" folder in "AstroView2" target */,
			);
			explicitFolders = (
				ephemeris,
				spice,
			);
			path = Resources;
			sourceTree = "<group>";
		};
		1FFFBCBE2CE9807E00A00A51 /* AstroView2 */ = {
			isa = PBXFileSystemSynchronizedRootGroup;
			path = AstroView2;
			sourceTree = "<group>";
		};
		1FFFBCD22CE9807F00A00A51 /* AstroView2Tests */ = {
			isa = PBXFileSystemSynchronizedRootGroup;
			path = AstroView2Tests;
			sourceTree = "<group>";
		};
		1FFFBCDC2CE9807F00A00A51 /* AstroView2UITests */ = {
			isa = PBXFileSystemSynchronizedRootGroup;
			path = AstroView2UITests;
			sourceTree = "<group>";
		};
/* End PBXFileSystemSynchronizedRootGroup section */

/* Begin PBXFrameworksBuildPhase section */
		1FFFBCB92CE9807E00A00A51 /* Frameworks */ = {
			isa = PBXFrameworksBuildPhase;
			buildActionMask = 2147483647;
			files = (
				1FCB0AB52D0F773E00C3F482 /* space-pack in Frameworks */,
				1F1D9C992D0FD31F00570753 /* cspice-swift in Frameworks */,
				1F4FDC422D0FCDFC009B7B05 /* novas-swift in Frameworks */,
				1F1D9DA32D17CF0500570753 /* Algorithms in Frameworks */,
				1FF5B5D82CFBCF9C00B06698 /* SCNMathExtensions in Frameworks */,
			);
			runOnlyForDeploymentPostprocessing = 0;
		};
		1FFFBCCC2CE9807F00A00A51 /* Frameworks */ = {
			isa = PBXFrameworksBuildPhase;
			buildActionMask = 2147483647;
			files = (
			);
			runOnlyForDeploymentPostprocessing = 0;
		};
		1FFFBCD62CE9807F00A00A51 /* Frameworks */ = {
			isa = PBXFrameworksBuildPhase;
			buildActionMask = 2147483647;
			files = (
			);
			runOnlyForDeploymentPostprocessing = 0;
		};
/* End PBXFrameworksBuildPhase section */

/* Begin PBXGroup section */
		1F4FDC402D0FCDFC009B7B05 /* Frameworks */ = {
			isa = PBXGroup;
			children = (
			);
			name = Frameworks;
			sourceTree = "<group>";
		};
		1FFFBCB32CE9807E00A00A51 = {
			isa = PBXGroup;
			children = (
				1F1D9D742D16679D00570753 /* Geometry */,
				1F1D9CC62D11076400570753 /* Physics */,
				1FF5B4FB2CF606AD00B06698 /* Resources */,
				1F126AFB2CF29A7600F28B62 /* utility */,
				1FFFBCBE2CE9807E00A00A51 /* AstroView2 */,
				1FFFBCD22CE9807F00A00A51 /* AstroView2Tests */,
				1FFFBCDC2CE9807F00A00A51 /* AstroView2UITests */,
				1F4FDC402D0FCDFC009B7B05 /* Frameworks */,
				1FFFBCBD2CE9807E00A00A51 /* Products */,
			);
			sourceTree = "<group>";
		};
		1FFFBCBD2CE9807E00A00A51 /* Products */ = {
			isa = PBXGroup;
			children = (
				1FFFBCBC2CE9807E00A00A51 /* AstroView2.app */,
				1FFFBCCF2CE9807F00A00A51 /* AstroView2Tests.xctest */,
				1FFFBCD92CE9807F00A00A51 /* AstroView2UITests.xctest */,
			);
			name = Products;
			sourceTree = "<group>";
		};
/* End PBXGroup section */

/* Begin PBXNativeTarget section */
		1FFFBCBB2CE9807E00A00A51 /* AstroView2 */ = {
			isa = PBXNativeTarget;
			buildConfigurationList = 1FFFBCE32CE9807F00A00A51 /* Build configuration list for PBXNativeTarget "AstroView2" */;
			buildPhases = (
				1FFFBCB82CE9807E00A00A51 /* Sources */,
				1FFFBCB92CE9807E00A00A51 /* Frameworks */,
				1FFFBCBA2CE9807E00A00A51 /* Resources */,
			);
			buildRules = (
			);
			dependencies = (
				1F1D9C972D0FD31900570753 /* PBXTargetDependency */,
				1FCB0AFE2D0F9E5600C3F482 /* PBXTargetDependency */,
			);
			fileSystemSynchronizedGroups = (
				1F126AFB2CF29A7600F28B62 /* utility */,
				1F1D9CC62D11076400570753 /* Physics */,
				1F1D9D742D16679D00570753 /* Geometry */,
				1FFFBCBE2CE9807E00A00A51 /* AstroView2 */,
			);
			name = AstroView2;
			packageProductDependencies = (
				1FF5B5D72CFBCF9C00B06698 /* SCNMathExtensions */,
				1FCB0AB42D0F773E00C3F482 /* space-pack */,
				1F4FDC412D0FCDFC009B7B05 /* novas-swift */,
				1F1D9C982D0FD31F00570753 /* cspice-swift */,
				1F1D9DA22D17CF0500570753 /* Algorithms */,
			);
			productName = AstroView2;
			productReference = 1FFFBCBC2CE9807E00A00A51 /* AstroView2.app */;
			productType = "com.apple.product-type.application";
		};
		1FFFBCCE2CE9807F00A00A51 /* AstroView2Tests */ = {
			isa = PBXNativeTarget;
			buildConfigurationList = 1FFFBCE62CE9807F00A00A51 /* Build configuration list for PBXNativeTarget "AstroView2Tests" */;
			buildPhases = (
				1FFFBCCB2CE9807F00A00A51 /* Sources */,
				1FFFBCCC2CE9807F00A00A51 /* Frameworks */,
				1FFFBCCD2CE9807F00A00A51 /* Resources */,
			);
			buildRules = (
			);
			dependencies = (
				1FFFBCD12CE9807F00A00A51 /* PBXTargetDependency */,
			);
			fileSystemSynchronizedGroups = (
				1FFFBCD22CE9807F00A00A51 /* AstroView2Tests */,
			);
			name = AstroView2Tests;
			packageProductDependencies = (
			);
			productName = AstroView2Tests;
			productReference = 1FFFBCCF2CE9807F00A00A51 /* AstroView2Tests.xctest */;
			productType = "com.apple.product-type.bundle.unit-test";
		};
		1FFFBCD82CE9807F00A00A51 /* AstroView2UITests */ = {
			isa = PBXNativeTarget;
			buildConfigurationList = 1FFFBCE92CE9807F00A00A51 /* Build configuration list for PBXNativeTarget "AstroView2UITests" */;
			buildPhases = (
				1FFFBCD52CE9807F00A00A51 /* Sources */,
				1FFFBCD62CE9807F00A00A51 /* Frameworks */,
				1FFFBCD72CE9807F00A00A51 /* Resources */,
			);
			buildRules = (
			);
			dependencies = (
				1FFFBCDB2CE9807F00A00A51 /* PBXTargetDependency */,
			);
			fileSystemSynchronizedGroups = (
				1FFFBCDC2CE9807F00A00A51 /* AstroView2UITests */,
			);
			name = AstroView2UITests;
			packageProductDependencies = (
			);
			productName = AstroView2UITests;
			productReference = 1FFFBCD92CE9807F00A00A51 /* AstroView2UITests.xctest */;
			productType = "com.apple.product-type.bundle.ui-testing";
		};
/* End PBXNativeTarget section */

/* Begin PBXProject section */
		1FFFBCB42CE9807E00A00A51 /* Project object */ = {
			isa = PBXProject;
			attributes = {
				BuildIndependentTargetsInParallel = 1;
				LastSwiftUpdateCheck = 1610;
				LastUpgradeCheck = 1610;
				TargetAttributes = {
					1FFFBCBB2CE9807E00A00A51 = {
						CreatedOnToolsVersion = 16.1;
						LastSwiftMigration = 1610;
					};
					1FFFBCCE2CE9807F00A00A51 = {
						CreatedOnToolsVersion = 16.1;
						TestTargetID = 1FFFBCBB2CE9807E00A00A51;
					};
					1FFFBCD82CE9807F00A00A51 = {
						CreatedOnToolsVersion = 16.1;
						TestTargetID = 1FFFBCBB2CE9807E00A00A51;
					};
				};
			};
			buildConfigurationList = 1FFFBCB72CE9807E00A00A51 /* Build configuration list for PBXProject "AstroView2" */;
			developmentRegion = en;
			hasScannedForEncodings = 0;
			knownRegions = (
				en,
				Base,
			);
			mainGroup = 1FFFBCB32CE9807E00A00A51;
			minimizedProjectReferenceProxies = 1;
			packageReferences = (
				1FF5B5D62CFBCF9C00B06698 /* XCRemoteSwiftPackageReference "SCNMathExtensions" */,
				1FCB0AB32D0F773E00C3F482 /* XCLocalSwiftPackageReference "../../space-pack/space-pack" */,
				1F1D9DA12D17CEA400570753 /* XCRemoteSwiftPackageReference "swift-algorithms" */,
			);
			preferredProjectObjectVersion = 77;
			productRefGroup = 1FFFBCBD2CE9807E00A00A51 /* Products */;
			projectDirPath = "";
			projectRoot = "";
			targets = (
				1FFFBCBB2CE9807E00A00A51 /* AstroView2 */,
				1FFFBCCE2CE9807F00A00A51 /* AstroView2Tests */,
				1FFFBCD82CE9807F00A00A51 /* AstroView2UITests */,
			);
		};
/* End PBXProject section */

/* Begin PBXResourcesBuildPhase section */
		1FFFBCBA2CE9807E00A00A51 /* Resources */ = {
			isa = PBXResourcesBuildPhase;
			buildActionMask = 2147483647;
			files = (
			);
			runOnlyForDeploymentPostprocessing = 0;
		};
		1FFFBCCD2CE9807F00A00A51 /* Resources */ = {
			isa = PBXResourcesBuildPhase;
			buildActionMask = 2147483647;
			files = (
			);
			runOnlyForDeploymentPostprocessing = 0;
		};
		1FFFBCD72CE9807F00A00A51 /* Resources */ = {
			isa = PBXResourcesBuildPhase;
			buildActionMask = 2147483647;
			files = (
			);
			runOnlyForDeploymentPostprocessing = 0;
		};
/* End PBXResourcesBuildPhase section */

/* Begin PBXSourcesBuildPhase section */
		1FFFBCB82CE9807E00A00A51 /* Sources */ = {
			isa = PBXSourcesBuildPhase;
			buildActionMask = 2147483647;
			files = (
			);
			runOnlyForDeploymentPostprocessing = 0;
		};
		1FFFBCCB2CE9807F00A00A51 /* Sources */ = {
			isa = PBXSourcesBuildPhase;
			buildActionMask = 2147483647;
			files = (
			);
			runOnlyForDeploymentPostprocessing = 0;
		};
		1FFFBCD52CE9807F00A00A51 /* Sources */ = {
			isa = PBXSourcesBuildPhase;
			buildActionMask = 2147483647;
			files = (
			);
			runOnlyForDeploymentPostprocessing = 0;
		};
/* End PBXSourcesBuildPhase section */

/* Begin PBXTargetDependency section */
		1F1D9C972D0FD31900570753 /* PBXTargetDependency */ = {
			isa = PBXTargetDependency;
			productRef = 1F1D9C962D0FD31900570753 /* cspice-swift */;
		};
		1FCB0AFE2D0F9E5600C3F482 /* PBXTargetDependency */ = {
			isa = PBXTargetDependency;
			productRef = 1FCB0AFD2D0F9E5600C3F482 /* novas-swift */;
		};
		1FFFBCD12CE9807F00A00A51 /* PBXTargetDependency */ = {
			isa = PBXTargetDependency;
			target = 1FFFBCBB2CE9807E00A00A51 /* AstroView2 */;
			targetProxy = 1FFFBCD02CE9807F00A00A51 /* PBXContainerItemProxy */;
		};
		1FFFBCDB2CE9807F00A00A51 /* PBXTargetDependency */ = {
			isa = PBXTargetDependency;
			target = 1FFFBCBB2CE9807E00A00A51 /* AstroView2 */;
			targetProxy = 1FFFBCDA2CE9807F00A00A51 /* PBXContainerItemProxy */;
		};
/* End PBXTargetDependency section */

/* Begin XCBuildConfiguration section */
		1FFFBCE12CE9807F00A00A51 /* Debug */ = {
			isa = XCBuildConfiguration;
			buildSettings = {
				ALWAYS_SEARCH_USER_PATHS = NO;
				ASSETCATALOG_COMPILER_GENERATE_SWIFT_ASSET_SYMBOL_EXTENSIONS = YES;
				CLANG_ANALYZER_NONNULL = YES;
				CLANG_ANALYZER_NUMBER_OBJECT_CONVERSION = YES_AGGRESSIVE;
				CLANG_CXX_LANGUAGE_STANDARD = "gnu++20";
				CLANG_ENABLE_MODULES = YES;
				CLANG_ENABLE_OBJC_ARC = YES;
				CLANG_ENABLE_OBJC_WEAK = YES;
				CLANG_WARN_BLOCK_CAPTURE_AUTORELEASING = YES;
				CLANG_WARN_BOOL_CONVERSION = YES;
				CLANG_WARN_COMMA = YES;
				CLANG_WARN_CONSTANT_CONVERSION = YES;
				CLANG_WARN_DEPRECATED_OBJC_IMPLEMENTATIONS = YES;
				CLANG_WARN_DIRECT_OBJC_ISA_USAGE = YES_ERROR;
				CLANG_WARN_DOCUMENTATION_COMMENTS = YES;
				CLANG_WARN_EMPTY_BODY = YES;
				CLANG_WARN_ENUM_CONVERSION = YES;
				CLANG_WARN_INFINITE_RECURSION = YES;
				CLANG_WARN_INT_CONVERSION = YES;
				CLANG_WARN_NON_LITERAL_NULL_CONVERSION = YES;
				CLANG_WARN_OBJC_IMPLICIT_RETAIN_SELF = YES;
				CLANG_WARN_OBJC_LITERAL_CONVERSION = YES;
				CLANG_WARN_OBJC_ROOT_CLASS = YES_ERROR;
				CLANG_WARN_QUOTED_INCLUDE_IN_FRAMEWORK_HEADER = YES;
				CLANG_WARN_RANGE_LOOP_ANALYSIS = YES;
				CLANG_WARN_STRICT_PROTOTYPES = YES;
				CLANG_WARN_SUSPICIOUS_MOVE = YES;
				CLANG_WARN_UNGUARDED_AVAILABILITY = YES_AGGRESSIVE;
				CLANG_WARN_UNREACHABLE_CODE = YES;
				CLANG_WARN__DUPLICATE_METHOD_MATCH = YES;
				COPY_PHASE_STRIP = NO;
				DEBUG_INFORMATION_FORMAT = dwarf;
				ENABLE_STRICT_OBJC_MSGSEND = YES;
				ENABLE_TESTABILITY = YES;
				ENABLE_USER_SCRIPT_SANDBOXING = YES;
				GCC_C_LANGUAGE_STANDARD = gnu17;
				GCC_DYNAMIC_NO_PIC = NO;
				GCC_NO_COMMON_BLOCKS = YES;
				GCC_OPTIMIZATION_LEVEL = 0;
				GCC_PREPROCESSOR_DEFINITIONS = (
					"DEBUG=1",
					"$(inherited)",
				);
				GCC_WARN_64_TO_32_BIT_CONVERSION = YES;
				GCC_WARN_ABOUT_RETURN_TYPE = YES_ERROR;
				GCC_WARN_UNDECLARED_SELECTOR = YES;
				GCC_WARN_UNINITIALIZED_AUTOS = YES_AGGRESSIVE;
				GCC_WARN_UNUSED_FUNCTION = YES;
				GCC_WARN_UNUSED_VARIABLE = YES;
				LOCALIZATION_PREFERS_STRING_CATALOGS = YES;
				MACOSX_DEPLOYMENT_TARGET = 15.1;
				MTL_ENABLE_DEBUG_INFO = INCLUDE_SOURCE;
				MTL_FAST_MATH = YES;
				ONLY_ACTIVE_ARCH = YES;
				SDKROOT = macosx;
				SWIFT_ACTIVE_COMPILATION_CONDITIONS = "DEBUG $(inherited)";
				SWIFT_OPTIMIZATION_LEVEL = "-Onone";
			};
			name = Debug;
		};
		1FFFBCE22CE9807F00A00A51 /* Release */ = {
			isa = XCBuildConfiguration;
			buildSettings = {
				ALWAYS_SEARCH_USER_PATHS = NO;
				ASSETCATALOG_COMPILER_GENERATE_SWIFT_ASSET_SYMBOL_EXTENSIONS = YES;
				CLANG_ANALYZER_NONNULL = YES;
				CLANG_ANALYZER_NUMBER_OBJECT_CONVERSION = YES_AGGRESSIVE;
				CLANG_CXX_LANGUAGE_STANDARD = "gnu++20";
				CLANG_ENABLE_MODULES = YES;
				CLANG_ENABLE_OBJC_ARC = YES;
				CLANG_ENABLE_OBJC_WEAK = YES;
				CLANG_WARN_BLOCK_CAPTURE_AUTORELEASING = YES;
				CLANG_WARN_BOOL_CONVERSION = YES;
				CLANG_WARN_COMMA = YES;
				CLANG_WARN_CONSTANT_CONVERSION = YES;
				CLANG_WARN_DEPRECATED_OBJC_IMPLEMENTATIONS = YES;
				CLANG_WARN_DIRECT_OBJC_ISA_USAGE = YES_ERROR;
				CLANG_WARN_DOCUMENTATION_COMMENTS = YES;
				CLANG_WARN_EMPTY_BODY = YES;
				CLANG_WARN_ENUM_CONVERSION = YES;
				CLANG_WARN_INFINITE_RECURSION = YES;
				CLANG_WARN_INT_CONVERSION = YES;
				CLANG_WARN_NON_LITERAL_NULL_CONVERSION = YES;
				CLANG_WARN_OBJC_IMPLICIT_RETAIN_SELF = YES;
				CLANG_WARN_OBJC_LITERAL_CONVERSION = YES;
				CLANG_WARN_OBJC_ROOT_CLASS = YES_ERROR;
				CLANG_WARN_QUOTED_INCLUDE_IN_FRAMEWORK_HEADER = YES;
				CLANG_WARN_RANGE_LOOP_ANALYSIS = YES;
				CLANG_WARN_STRICT_PROTOTYPES = YES;
				CLANG_WARN_SUSPICIOUS_MOVE = YES;
				CLANG_WARN_UNGUARDED_AVAILABILITY = YES_AGGRESSIVE;
				CLANG_WARN_UNREACHABLE_CODE = YES;
				CLANG_WARN__DUPLICATE_METHOD_MATCH = YES;
				COPY_PHASE_STRIP = NO;
				DEBUG_INFORMATION_FORMAT = "dwarf-with-dsym";
				ENABLE_NS_ASSERTIONS = NO;
				ENABLE_STRICT_OBJC_MSGSEND = YES;
				ENABLE_USER_SCRIPT_SANDBOXING = YES;
				GCC_C_LANGUAGE_STANDARD = gnu17;
				GCC_NO_COMMON_BLOCKS = YES;
				GCC_WARN_64_TO_32_BIT_CONVERSION = YES;
				GCC_WARN_ABOUT_RETURN_TYPE = YES_ERROR;
				GCC_WARN_UNDECLARED_SELECTOR = YES;
				GCC_WARN_UNINITIALIZED_AUTOS = YES_AGGRESSIVE;
				GCC_WARN_UNUSED_FUNCTION = YES;
				GCC_WARN_UNUSED_VARIABLE = YES;
				LOCALIZATION_PREFERS_STRING_CATALOGS = YES;
				MACOSX_DEPLOYMENT_TARGET = 15.1;
				MTL_ENABLE_DEBUG_INFO = NO;
				MTL_FAST_MATH = YES;
				SDKROOT = macosx;
				SWIFT_COMPILATION_MODE = wholemodule;
			};
			name = Release;
		};
		1FFFBCE42CE9807F00A00A51 /* Debug */ = {
			isa = XCBuildConfiguration;
			buildSettings = {
				ASSETCATALOG_COMPILER_APPICON_NAME = AppIcon;
				ASSETCATALOG_COMPILER_GLOBAL_ACCENT_COLOR_NAME = AccentColor;
				CLANG_ENABLE_MODULES = YES;
				CODE_SIGN_ENTITLEMENTS = AstroView2/AstroView2.entitlements;
				CODE_SIGN_STYLE = Automatic;
				COMBINE_HIDPI_IMAGES = YES;
				CURRENT_PROJECT_VERSION = 1;
				GCC_PREPROCESSOR_DEFINITIONS = "$(inherited)";
				GENERATE_INFOPLIST_FILE = YES;
				INFOPLIST_KEY_NSHumanReadableCopyright = "";
				INFOPLIST_KEY_NSMainStoryboardFile = Main;
				INFOPLIST_KEY_NSPrincipalClass = NSApplication;
				LD_RUNPATH_SEARCH_PATHS = (
					"$(inherited)",
					"@executable_path/../Frameworks",
				);
				MARKETING_VERSION = 1.0;
				PRODUCT_BUNDLE_IDENTIFIER = "jeff-org.AstroView2";
				PRODUCT_NAME = "$(TARGET_NAME)";
				SWIFT_EMIT_LOC_STRINGS = YES;
				SWIFT_OPTIMIZATION_LEVEL = "-Onone";
				SWIFT_VERSION = 5.0;
			};
			name = Debug;
		};
		1FFFBCE52CE9807F00A00A51 /* Release */ = {
			isa = XCBuildConfiguration;
			buildSettings = {
				ASSETCATALOG_COMPILER_APPICON_NAME = AppIcon;
				ASSETCATALOG_COMPILER_GLOBAL_ACCENT_COLOR_NAME = AccentColor;
				CLANG_ENABLE_MODULES = YES;
				CODE_SIGN_ENTITLEMENTS = AstroView2/AstroView2.entitlements;
				CODE_SIGN_STYLE = Automatic;
				COMBINE_HIDPI_IMAGES = YES;
				CURRENT_PROJECT_VERSION = 1;
				GCC_PREPROCESSOR_DEFINITIONS = "";
				GENERATE_INFOPLIST_FILE = YES;
				INFOPLIST_KEY_NSHumanReadableCopyright = "";
				INFOPLIST_KEY_NSMainStoryboardFile = Main;
				INFOPLIST_KEY_NSPrincipalClass = NSApplication;
				LD_RUNPATH_SEARCH_PATHS = (
					"$(inherited)",
					"@executable_path/../Frameworks",
				);
				MARKETING_VERSION = 1.0;
				PRODUCT_BUNDLE_IDENTIFIER = "jeff-org.AstroView2";
				PRODUCT_NAME = "$(TARGET_NAME)";
				SWIFT_EMIT_LOC_STRINGS = YES;
				SWIFT_VERSION = 5.0;
			};
			name = Release;
		};
		1FFFBCE72CE9807F00A00A51 /* Debug */ = {
			isa = XCBuildConfiguration;
			buildSettings = {
				BUNDLE_LOADER = "$(TEST_HOST)";
				CODE_SIGN_STYLE = Automatic;
				CURRENT_PROJECT_VERSION = 1;
				GENERATE_INFOPLIST_FILE = YES;
				MACOSX_DEPLOYMENT_TARGET = 15.1;
				MARKETING_VERSION = 1.0;
				PRODUCT_BUNDLE_IDENTIFIER = "jeff-org.AstroView2Tests";
				PRODUCT_NAME = "$(TARGET_NAME)";
				SWIFT_EMIT_LOC_STRINGS = NO;
				SWIFT_VERSION = 5.0;
				TEST_HOST = "$(BUILT_PRODUCTS_DIR)/AstroView2.app/$(BUNDLE_EXECUTABLE_FOLDER_PATH)/AstroView2";
			};
			name = Debug;
		};
		1FFFBCE82CE9807F00A00A51 /* Release */ = {
			isa = XCBuildConfiguration;
			buildSettings = {
				BUNDLE_LOADER = "$(TEST_HOST)";
				CODE_SIGN_STYLE = Automatic;
				CURRENT_PROJECT_VERSION = 1;
				GENERATE_INFOPLIST_FILE = YES;
				MACOSX_DEPLOYMENT_TARGET = 15.1;
				MARKETING_VERSION = 1.0;
				PRODUCT_BUNDLE_IDENTIFIER = "jeff-org.AstroView2Tests";
				PRODUCT_NAME = "$(TARGET_NAME)";
				SWIFT_EMIT_LOC_STRINGS = NO;
				SWIFT_VERSION = 5.0;
				TEST_HOST = "$(BUILT_PRODUCTS_DIR)/AstroView2.app/$(BUNDLE_EXECUTABLE_FOLDER_PATH)/AstroView2";
			};
			name = Release;
		};
		1FFFBCEA2CE9807F00A00A51 /* Debug */ = {
			isa = XCBuildConfiguration;
			buildSettings = {
				CODE_SIGN_STYLE = Automatic;
				CURRENT_PROJECT_VERSION = 1;
				GENERATE_INFOPLIST_FILE = YES;
				MARKETING_VERSION = 1.0;
				PRODUCT_BUNDLE_IDENTIFIER = "jeff-org.AstroView2UITests";
				PRODUCT_NAME = "$(TARGET_NAME)";
				SWIFT_EMIT_LOC_STRINGS = NO;
				SWIFT_VERSION = 5.0;
				TEST_TARGET_NAME = AstroView2;
			};
			name = Debug;
		};
		1FFFBCEB2CE9807F00A00A51 /* Release */ = {
			isa = XCBuildConfiguration;
			buildSettings = {
				CODE_SIGN_STYLE = Automatic;
				CURRENT_PROJECT_VERSION = 1;
				GENERATE_INFOPLIST_FILE = YES;
				MARKETING_VERSION = 1.0;
				PRODUCT_BUNDLE_IDENTIFIER = "jeff-org.AstroView2UITests";
				PRODUCT_NAME = "$(TARGET_NAME)";
				SWIFT_EMIT_LOC_STRINGS = NO;
				SWIFT_VERSION = 5.0;
				TEST_TARGET_NAME = AstroView2;
			};
			name = Release;
		};
/* End XCBuildConfiguration section */

/* Begin XCConfigurationList section */
		1FFFBCB72CE9807E00A00A51 /* Build configuration list for PBXProject "AstroView2" */ = {
			isa = XCConfigurationList;
			buildConfigurations = (
				1FFFBCE12CE9807F00A00A51 /* Debug */,
				1FFFBCE22CE9807F00A00A51 /* Release */,
			);
			defaultConfigurationIsVisible = 0;
			defaultConfigurationName = Release;
		};
		1FFFBCE32CE9807F00A00A51 /* Build configuration list for PBXNativeTarget "AstroView2" */ = {
			isa = XCConfigurationList;
			buildConfigurations = (
				1FFFBCE42CE9807F00A00A51 /* Debug */,
				1FFFBCE52CE9807F00A00A51 /* Release */,
			);
			defaultConfigurationIsVisible = 0;
			defaultConfigurationName = Release;
		};
		1FFFBCE62CE9807F00A00A51 /* Build configuration list for PBXNativeTarget "AstroView2Tests" */ = {
			isa = XCConfigurationList;
			buildConfigurations = (
				1FFFBCE72CE9807F00A00A51 /* Debug */,
				1FFFBCE82CE9807F00A00A51 /* Release */,
			);
			defaultConfigurationIsVisible = 0;
			defaultConfigurationName = Release;
		};
		1FFFBCE92CE9807F00A00A51 /* Build configuration list for PBXNativeTarget "AstroView2UITests" */ = {
			isa = XCConfigurationList;
			buildConfigurations = (
				1FFFBCEA2CE9807F00A00A51 /* Debug */,
				1FFFBCEB2CE9807F00A00A51 /* Release */,
			);
			defaultConfigurationIsVisible = 0;
			defaultConfigurationName = Release;
		};
/* End XCConfigurationList section */

/* Begin XCLocalSwiftPackageReference section */
		1FCB0AB32D0F773E00C3F482 /* XCLocalSwiftPackageReference "../../space-pack/space-pack" */ = {
			isa = XCLocalSwiftPackageReference;
			relativePath = "../../space-pack/space-pack";
		};
/* End XCLocalSwiftPackageReference section */

/* Begin XCRemoteSwiftPackageReference section */
		1F1D9DA12D17CEA400570753 /* XCRemoteSwiftPackageReference "swift-algorithms" */ = {
			isa = XCRemoteSwiftPackageReference;
			repositoryURL = "https://github.com/apple/swift-algorithms.git";
			requirement = {
				kind = upToNextMajorVersion;
				minimumVersion = 1.2.0;
			};
		};
		1FF5B5D62CFBCF9C00B06698 /* XCRemoteSwiftPackageReference "SCNMathExtensions" */ = {
			isa = XCRemoteSwiftPackageReference;
			repositoryURL = "https://github.com/capnslipp/SCNMathExtensions.git";
			requirement = {
				kind = upToNextMajorVersion;
				minimumVersion = 1.4.7;
			};
		};
/* End XCRemoteSwiftPackageReference section */

/* Begin XCSwiftPackageProductDependency section */
		1F1D9C962D0FD31900570753 /* cspice-swift */ = {
			isa = XCSwiftPackageProductDependency;
			package = 1FCB0AB32D0F773E00C3F482 /* XCLocalSwiftPackageReference "../../space-pack/space-pack" */;
			productName = "cspice-swift";
		};
		1F1D9C982D0FD31F00570753 /* cspice-swift */ = {
			isa = XCSwiftPackageProductDependency;
			package = 1FCB0AB32D0F773E00C3F482 /* XCLocalSwiftPackageReference "../../space-pack/space-pack" */;
			productName = "cspice-swift";
		};
		1F1D9DA22D17CF0500570753 /* Algorithms */ = {
			isa = XCSwiftPackageProductDependency;
			package = 1F1D9DA12D17CEA400570753 /* XCRemoteSwiftPackageReference "swift-algorithms" */;
			productName = Algorithms;
		};
		1F4FDC412D0FCDFC009B7B05 /* novas-swift */ = {
			isa = XCSwiftPackageProductDependency;
			package = 1FCB0AB32D0F773E00C3F482 /* XCLocalSwiftPackageReference "../../space-pack/space-pack" */;
			productName = "novas-swift";
		};
		1FCB0AB42D0F773E00C3F482 /* space-pack */ = {
			isa = XCSwiftPackageProductDependency;
			productName = "space-pack";
		};
		1FCB0AFD2D0F9E5600C3F482 /* novas-swift */ = {
			isa = XCSwiftPackageProductDependency;
			package = 1FCB0AB32D0F773E00C3F482 /* XCLocalSwiftPackageReference "../../space-pack/space-pack" */;
			productName = "novas-swift";
		};
		1FF5B5D72CFBCF9C00B06698 /* SCNMathExtensions */ = {
			isa = XCSwiftPackageProductDependency;
			package = 1FF5B5D62CFBCF9C00B06698 /* XCRemoteSwiftPackageReference "SCNMathExtensions" */;
			productName = SCNMathExtensions;
		};
/* End XCSwiftPackageProductDependency section */
	};
	rootObject = 1FFFBCB42CE9807E00A00A51 /* Project object */;
}
