{
  "originHash" : "28c7d99fa581a6b633b98849b87837e71e6962907e7cfec8e8f701dbfb8daa51",
  "pins" : [
    {
      "identity" : "scnmathextensions",
      "kind" : "remoteSourceControl",
      "location" : "https://github.com/capnslipp/SCNMathExtensions.git",
      "state" : {
        "revision" : "046ba6afa86ff6232acb2963d2a3ea4dec5cd728",
        "version" : "1.4.7"
      }
    },
    {
      "identity" : "swift-algorithms",
      "kind" : "remoteSourceControl",
      "location" : "https://github.com/apple/swift-algorithms.git",
      "state" : {
        "revision" : "f6919dfc309e7f1b56224378b11e28bab5bccc42",
        "version" : "1.2.0"
      }
    },
    {
      "identity" : "swift-numerics",
      "kind" : "remoteSourceControl",
      "location" : "https://github.com/apple/swift-numerics.git",
      "state" : {
        "revision" : "0a5bc04095a675662cf24757cc0640aa2204253b",
        "version" : "1.0.2"
      }
    }
  ],
  "version" : 3
}
